
Microsoft Visual Studio Solution File, Format Version 12.00
# Visual Studio Version 17
VisualStudioVersion = 17.7.34024.191
MinimumVisualStudioVersion = 10.0.40219.1
Project("{FAE04EC0-301F-11D3-BF4B-00C04F79EFBC}") = "AdminEmpl", "AdminEmpl\AdminEmpl.csproj", "{259710EB-3811-43F3-8963-9227DFFBF641}"
EndProject
Global
	GlobalSection(SolutionConfigurationPlatforms) = preSolution
		Debug|Any CPU = Debug|Any CPU
		Release|Any CPU = Release|Any CPU
	EndGlobalSection
	GlobalSection(ProjectConfigurationPlatforms) = postSolution
		{259710EB-3811-43F3-8963-9227DFFBF641}.Debug|Any CPU.ActiveCfg = Debug|Any CPU
		{259710EB-3811-43F3-8963-9227DFFBF641}.Debug|Any CPU.Build.0 = Debug|Any CPU
		{259710EB-3811-43F3-8963-9227DFFBF641}.Release|Any CPU.ActiveCfg = Release|Any CPU
		{259710EB-3811-43F3-8963-9227DFFBF641}.Release|Any CPU.Build.0 = Release|Any CPU
	EndGlobalSection
	GlobalSection(SolutionProperties) = preSolution
		HideSolutionNode = FALSE
	EndGlobalSection
	GlobalSection(ExtensibilityGlobals) = postSolution
		SolutionGuid = {C47214C0-951B-4EC0-8199-BDE40348F478}
	EndGlobalSection
EndGlobal
